
Microsoft Visual Studio Solution File, Format Version 12.00
# Visual Studio Version 16
VisualStudioVersion = 16.0.29215.179
MinimumVisualStudioVersion = 10.0.40219.1
Project("{9A19103F-16F7-4668-BE54-9A1E7A4F7556}") = "EleTest", "EleTest\EleTest.csproj", "{9ACF7BF2-F9A5-4DC6-9EFB-7935D6A36B16}"
EndProject
Project("{FAE04EC0-301F-11D3-BF4B-00C04F79EFBC}") = "ElectrumX", "ElectrumX\ElectrumX.csproj", "{F54FDFE3-CC6B-44F7-A4A9-41615CB58B20}"
EndProject
Global
	GlobalSection(SolutionConfigurationPlatforms) = preSolution
		Debug|Any CPU = Debug|Any CPU
		Release|Any CPU = Release|Any CPU
	EndGlobalSection
	GlobalSection(ProjectConfigurationPlatforms) = postSolution
		{9ACF7BF2-F9A5-4DC6-9EFB-7935D6A36B16}.Debug|Any CPU.ActiveCfg = Debug|Any CPU
		{9ACF7BF2-F9A5-4DC6-9EFB-7935D6A36B16}.Debug|Any CPU.Build.0 = Debug|Any CPU
		{9ACF7BF2-F9A5-4DC6-9EFB-7935D6A36B16}.Release|Any CPU.ActiveCfg = Release|Any CPU
		{9ACF7BF2-F9A5-4DC6-9EFB-7935D6A36B16}.Release|Any CPU.Build.0 = Release|Any CPU
		{F54FDFE3-CC6B-44F7-A4A9-41615CB58B20}.Debug|Any CPU.ActiveCfg = Debug|Any CPU
		{F54FDFE3-CC6B-44F7-A4A9-41615CB58B20}.Debug|Any CPU.Build.0 = Debug|Any CPU
		{F54FDFE3-CC6B-44F7-A4A9-41615CB58B20}.Release|Any CPU.ActiveCfg = Release|Any CPU
		{F54FDFE3-CC6B-44F7-A4A9-41615CB58B20}.Release|Any CPU.Build.0 = Release|Any CPU
	EndGlobalSection
	GlobalSection(SolutionProperties) = preSolution
		HideSolutionNode = FALSE
	EndGlobalSection
	GlobalSection(ExtensibilityGlobals) = postSolution
		SolutionGuid = {51558EB0-A515-4A77-A0E6-FE81369112E5}
	EndGlobalSection
EndGlobal
